
Microsoft Visual Studio Solution File, Format Version 12.00
# Visual Studio Version 16
VisualStudioVersion = 16.0.31702.278
MinimumVisualStudioVersion = 10.0.40219.1
Project("{FAE04EC0-301F-11D3-BF4B-00C04F79EFBC}") = "TooShortWillRead.Web.Api", "TooShortWillRead.Web.Api\TooShortWillRead.Web.Api.csproj", "{4DAF775E-E452-4C78-8D58-8BDB218B6F21}"
EndProject
Global
	GlobalSection(SolutionConfigurationPlatforms) = preSolution
		Debug|Any CPU = Debug|Any CPU
		Release|Any CPU = Release|Any CPU
	EndGlobalSection
	GlobalSection(ProjectConfigurationPlatforms) = postSolution
		{4DAF775E-E452-4C78-8D58-8BDB218B6F21}.Debug|Any CPU.ActiveCfg = Debug|Any CPU
		{4DAF775E-E452-4C78-8D58-8BDB218B6F21}.Debug|Any CPU.Build.0 = Debug|Any CPU
		{4DAF775E-E452-4C78-8D58-8BDB218B6F21}.Release|Any CPU.ActiveCfg = Release|Any CPU
		{4DAF775E-E452-4C78-8D58-8BDB218B6F21}.Release|Any CPU.Build.0 = Release|Any CPU
	EndGlobalSection
	GlobalSection(SolutionProperties) = preSolution
		HideSolutionNode = FALSE
	EndGlobalSection
	GlobalSection(ExtensibilityGlobals) = postSolution
		SolutionGuid = {8F117B01-7F67-4CA9-80B6-0D623E6306D7}
	EndGlobalSection
EndGlobal
